
Microsoft Visual Studio Solution File, Format Version 12.00
# Visual Studio Version 17
VisualStudioVersion = 17.1.32228.430
MinimumVisualStudioVersion = 10.0.40219.1
Project("{FAE04EC0-301F-11D3-BF4B-00C04F79EFBC}") = "Task_11_Random_Cycle", "Task_11_Random_Cycle.csproj", "{C1D0D8F2-F72E-4C44-B103-FF9E6082D3B8}"
EndProject
Global
	GlobalSection(SolutionConfigurationPlatforms) = preSolution
		Debug|Any CPU = Debug|Any CPU
		Release|Any CPU = Release|Any CPU
	EndGlobalSection
	GlobalSection(ProjectConfigurationPlatforms) = postSolution
		{C1D0D8F2-F72E-4C44-B103-FF9E6082D3B8}.Debug|Any CPU.ActiveCfg = Debug|Any CPU
		{C1D0D8F2-F72E-4C44-B103-FF9E6082D3B8}.Debug|Any CPU.Build.0 = Debug|Any CPU
		{C1D0D8F2-F72E-4C44-B103-FF9E6082D3B8}.Release|Any CPU.ActiveCfg = Release|Any CPU
		{C1D0D8F2-F72E-4C44-B103-FF9E6082D3B8}.Release|Any CPU.Build.0 = Release|Any CPU
	EndGlobalSection
	GlobalSection(SolutionProperties) = preSolution
		HideSolutionNode = FALSE
	EndGlobalSection
	GlobalSection(ExtensibilityGlobals) = postSolution
		SolutionGuid = {CD8AA6E2-7E4A-40C4-9D3E-3636AB0E2949}
	EndGlobalSection
EndGlobal
